# Generated by pub
# See https://dart.dev/tools/pub/glossary#lockfile
packages:
  after_layout:
    dependency: transitive
    description:
      name: after_layout
      sha256: "95a1cb2ca1464f44f14769329fbf15987d20ab6c88f8fc5d359bd362be625f29"
      url: "https://pub.flutter-io.cn"
    source: hosted
    version: "1.2.0"
  animations:
    dependency: transitive
    description:
      name: animations
      sha256: fe8a6bdca435f718bb1dc8a11661b2c22504c6da40ef934cee8327ed77934164
      url: "https://pub.flutter-io.cn"
    source: hosted
    version: "2.0.7"
  async:
    dependency: transitive
    description:
      name: async
      sha256: "947bfcf187f74dbc5e146c9eb9c0f10c9f8b30743e341481c1e2ed3ecc18c20c"
      url: "https://pub.flutter-io.cn"
    source: hosted
    version: "2.11.0"
  boolean_selector:
    dependency: transitive
    description:
      name: boolean_selector
      sha256: "6cfb5af12253eaf2b368f07bacc5a80d1301a071c73360d746b7f2e32d762c66"
      url: "https://pub.flutter-io.cn"
    source: hosted
    version: "2.1.1"
  bot_toast:
    dependency: "direct main"
    description:
      name: bot_toast
      sha256: db6950851aab00ef04b386eb3c76c83739eaffcb6b80d0dc42a675ef7584623b
      url: "https://pub.flutter-io.cn"
    source: hosted
    version: "4.0.4"
  characters:
    dependency: transitive
    description:
      name: characters
      sha256: "04a925763edad70e8443c99234dc3328f442e811f1d8fd1a72f1c8ad0f69a605"
      url: "https://pub.flutter-io.cn"
    source: hosted
    version: "1.3.0"
  clipboard:
    dependency: "direct main"
    description:
      name: clipboard
      sha256: "2ec38f0e59878008ceca0ab122e4bfde98847f88ef0f83331362ba4521f565a9"
      url: "https://pub.flutter-io.cn"
    source: hosted
    version: "0.1.3"
  clipboard_watcher:
    dependency: transitive
    description:
      name: clipboard_watcher
      sha256: "2fa9c728f46962668dbc1c07870695c9163524f8dbea25dc176277d1ef1cc2bd"
      url: "https://pub.flutter-io.cn"
    source: hosted
    version: "0.2.0"
  clock:
    dependency: transitive
    description:
      name: clock
      sha256: cb6d7f03e1de671e34607e909a7213e31d7752be4fb66a86d29fe1eb14bfb5cf
      url: "https://pub.flutter-io.cn"
    source: hosted
    version: "1.1.1"
  collection:
    dependency: transitive
    description:
      name: collection
      sha256: "4a07be6cb69c84d677a6c3096fcf960cc3285a8330b4603e0d463d15d9bd934c"
      url: "https://pub.flutter-io.cn"
    source: hosted
    version: "1.17.1"
  context_menus:
    dependency: "direct main"
    description:
      name: context_menus
      sha256: "25313f2a17dc936f541f8012761648cb58d936c5d6f6bf7282f137a4b9dedddb"
      url: "https://pub.flutter-io.cn"
    source: hosted
    version: "1.0.2"
  contextmenu:
    dependency: "direct main"
    description:
      name: contextmenu
      sha256: e0c7d60e2fc9f316f5b03f5fe2c0f977d65125345d1a1f77eea02be612e32d0c
      url: "https://pub.flutter-io.cn"
    source: hosted
    version: "3.0.0"
  contextual_menu:
    dependency: "direct main"
    description:
      name: contextual_menu
      sha256: "169f31af8cd090deb3ce92af65d170e6059af638b614263ad685165b07fe6bbf"
      url: "https://pub.flutter-io.cn"
    source: hosted
    version: "0.1.2"
  cross_file:
    dependency: "direct main"
    description:
      name: cross_file
      sha256: "0b0036e8cccbfbe0555fd83c1d31a6f30b77a96b598b35a5d36dd41f718695e9"
      url: "https://pub.flutter-io.cn"
    source: hosted
    version: "0.3.3+4"
  crypto:
    dependency: transitive
    description:
      name: crypto
      sha256: aa274aa7774f8964e4f4f38cc994db7b6158dd36e9187aaceaddc994b35c6c67
      url: "https://pub.flutter-io.cn"
    source: hosted
    version: "3.0.2"
  cupertino_icons:
    dependency: "direct main"
    description:
      name: cupertino_icons
      sha256: e35129dc44c9118cee2a5603506d823bab99c68393879edb440e0090d07586be
      url: "https://pub.flutter-io.cn"
    source: hosted
    version: "1.0.5"
  desktop_context_menu:
    dependency: "direct main"
    description:
      name: desktop_context_menu
      sha256: b9d4e9afc885e7aee6db178fc7c1714727cccb3c692850b68dcfa8c7359da7f6
      url: "https://pub.flutter-io.cn"
    source: hosted
    version: "0.1.1"
  desktop_context_menu_macos:
    dependency: transitive
    description:
      name: desktop_context_menu_macos
      sha256: "2535e151c19d438294ead5b2e1a7cf0a8459ddabe7f4ed19cac65b3e45523f54"
      url: "https://pub.flutter-io.cn"
    source: hosted
    version: "0.1.1"
  desktop_context_menu_platform_interface:
    dependency: transitive
    description:
      name: desktop_context_menu_platform_interface
      sha256: "13c2ebd9185c2a748d6572dbcd418760b274b1a410f8e84a82c78424fc2b8da0"
      url: "https://pub.flutter-io.cn"
    source: hosted
    version: "0.1.1"
  desktop_context_menu_windows:
    dependency: transitive
    description:
      name: desktop_context_menu_windows
      sha256: "315127bc8066a4a7c49790b226fb523af17e1bec5213566daae41bcca27b2bad"
      url: "https://pub.flutter-io.cn"
    source: hosted
    version: "0.1.1"
  desktop_drop:
    dependency: "direct main"
    description:
      name: desktop_drop
      sha256: "4ca4d960f4b11c032e9adfd2a0a8ac615bc3fddb4cbe73dcf840dd8077582186"
      url: "https://pub.flutter-io.cn"
    source: hosted
    version: "0.4.1"
  desktop_webview_window:
    dependency: "direct main"
    description:
      name: desktop_webview_window
      sha256: a2a902307f2fc588814c260a7dc6f0b7908499e43ca71d8f22fc48a39864ea54
      url: "https://pub.flutter-io.cn"
    source: hosted
    version: "0.2.1"
  dotted_decoration:
    dependency: "direct main"
    description:
      name: dotted_decoration
      sha256: a5c5771367690b4f64ebfa7911954ab472b9675f025c373f514e32ac4bb81d5e
      url: "https://pub.flutter-io.cn"
    source: hosted
    version: "2.0.0"
  fake_async:
    dependency: transitive
    description:
      name: fake_async
      sha256: "511392330127add0b769b75a987850d136345d9227c6b94c96a04cf4a391bf78"
      url: "https://pub.flutter-io.cn"
    source: hosted
    version: "1.3.1"
  ffi:
    dependency: transitive
    description:
      name: ffi
      sha256: "7bf0adc28a23d395f19f3f1eb21dd7cfd1dd9f8e1c50051c069122e6853bc878"
      url: "https://pub.flutter-io.cn"
    source: hosted
    version: "2.1.0"
  file:
    dependency: transitive
    description:
      name: file
      sha256: "1b92bec4fc2a72f59a8e15af5f52cd441e4a7860b49499d69dfa817af20e925d"
      url: "https://pub.flutter-io.cn"
    source: hosted
    version: "6.1.4"
  file_picker:
    dependency: "direct main"
    description:
      name: file_picker
      sha256: "21145c9c268d54b1f771d8380c195d2d6f655e0567dc1ca2f9c134c02c819e0a"
      url: "https://pub.flutter-io.cn"
    source: hosted
    version: "5.3.3"
  file_selector:
    dependency: "direct main"
    description:
      name: file_selector
      sha256: "59b35aa4af7988be7ec88f9ddaa6c71c5b54bf0f8b35009389d9343b10e9c3af"
      url: "https://pub.flutter-io.cn"
    source: hosted
    version: "1.0.0"
  file_selector_android:
    dependency: transitive
    description:
      name: file_selector_android
      sha256: "43e5c719f671b9181bef1bf2851135c3ad993a9a6c804a4ccb07579cfee84e34"
      url: "https://pub.flutter-io.cn"
    source: hosted
    version: "0.5.0+2"
  file_selector_ios:
    dependency: transitive
    description:
      name: file_selector_ios
      sha256: "904091b110b64565566fbb98b334590670de5d7ddd7541be15db22d4e64203eb"
      url: "https://pub.flutter-io.cn"
    source: hosted
    version: "0.5.0+2"
  file_selector_linux:
    dependency: transitive
    description:
      name: file_selector_linux
      sha256: "770eb1ab057b5ae4326d1c24cc57710758b9a46026349d021d6311bd27580046"
      url: "https://pub.flutter-io.cn"
    source: hosted
    version: "0.9.2"
  file_selector_macos:
    dependency: transitive
    description:
      name: file_selector_macos
      sha256: "4ada532862917bf16e3adb3891fe3a5917a58bae03293e497082203a80909412"
      url: "https://pub.flutter-io.cn"
    source: hosted
    version: "0.9.3+1"
  file_selector_platform_interface:
    dependency: transitive
    description:
      name: file_selector_platform_interface
      sha256: "412705a646a0ae90f33f37acfae6a0f7cbc02222d6cd34e479421c3e74d3853c"
      url: "https://pub.flutter-io.cn"
    source: hosted
    version: "2.6.0"
  file_selector_web:
    dependency: transitive
    description:
      name: file_selector_web
      sha256: e292740c469df0aeeaba0895bf622bea351a05e87d22864c826bf21c4780e1d7
      url: "https://pub.flutter-io.cn"
    source: hosted
    version: "0.9.2"
  file_selector_windows:
    dependency: transitive
    description:
      name: file_selector_windows
      sha256: "1372760c6b389842b77156203308940558a2817360154084368608413835fc26"
      url: "https://pub.flutter-io.cn"
    source: hosted
    version: "0.9.3"
  flutter:
    dependency: "direct main"
    description: flutter
    source: sdk
    version: "0.0.0"
  flutter_lints:
    dependency: "direct dev"
    description:
      name: flutter_lints
      sha256: aeb0b80a8b3709709c9cc496cdc027c5b3216796bc0af0ce1007eaf24464fd4c
      url: "https://pub.flutter-io.cn"
    source: hosted
    version: "2.0.1"
  flutter_plugin_android_lifecycle:
    dependency: transitive
    description:
      name: flutter_plugin_android_lifecycle
      sha256: "950e77c2bbe1692bc0874fc7fb491b96a4dc340457f4ea1641443d0a6c1ea360"
      url: "https://pub.flutter-io.cn"
    source: hosted
    version: "2.0.15"
  flutter_staggered_grid_view:
    dependency: "direct main"
    description:
      name: flutter_staggered_grid_view
      sha256: "19e7abb550c96fbfeb546b23f3ff356ee7c59a019a651f8f102a4ba9b7349395"
      url: "https://pub.flutter-io.cn"
    source: hosted
    version: "0.7.0"
  flutter_test:
    dependency: "direct dev"
    description: flutter
    source: sdk
    version: "0.0.0"
  flutter_web_plugins:
    dependency: transitive
    description: flutter
    source: sdk
    version: "0.0.0"
  hotkey_manager:
    dependency: "direct main"
    description:
      name: hotkey_manager
      sha256: "8aaa0aeaca7015b8c561a58d02eb7ebba95e93357fc9540398c5751ee24afd7c"
      url: "https://pub.flutter-io.cn"
    source: hosted
    version: "0.1.8"
  http:
    dependency: transitive
    description:
      name: http
      sha256: "6aa2946395183537c8b880962d935877325d6a09a2867c3970c05c0fed6ac482"
      url: "https://pub.flutter-io.cn"
    source: hosted
    version: "0.13.5"
  http_parser:
    dependency: transitive
    description:
      name: http_parser
      sha256: "2aa08ce0341cc9b354a498388e30986515406668dbcc4f7c950c3e715496693b"
      url: "https://pub.flutter-io.cn"
    source: hosted
    version: "4.0.2"
  js:
    dependency: transitive
    description:
      name: js
      sha256: f2c445dce49627136094980615a031419f7f3eb393237e4ecd97ac15dea343f3
      url: "https://pub.flutter-io.cn"
    source: hosted
    version: "0.6.7"
  lints:
    dependency: transitive
    description:
      name: lints
      sha256: "5e4a9cd06d447758280a8ac2405101e0e2094d2a1dbdd3756aec3fe7775ba593"
      url: "https://pub.flutter-io.cn"
    source: hosted
    version: "2.0.1"
  local_notifier:
    dependency: "direct main"
    description:
      name: local_notifier
      sha256: cc855aa6362c8840e3d3b35b1c3b058a3a8becdb2b03d5a9aa3f3a1e861f0a03
      url: "https://pub.flutter-io.cn"
    source: hosted
    version: "0.1.5"
  matcher:
    dependency: transitive
    description:
      name: matcher
      sha256: "6501fbd55da300384b768785b83e5ce66991266cec21af89ab9ae7f5ce1c4cbb"
      url: "https://pub.flutter-io.cn"
    source: hosted
    version: "0.12.15"
  material_color_utilities:
    dependency: transitive
    description:
      name: material_color_utilities
      sha256: d92141dc6fe1dad30722f9aa826c7fbc896d021d792f80678280601aff8cf724
      url: "https://pub.flutter-io.cn"
    source: hosted
    version: "0.2.0"
  menu_base:
    dependency: transitive
    description:
      name: menu_base
      sha256: "820368014a171bd1241030278e6c2617354f492f5c703d7b7d4570a6b8b84405"
      url: "https://pub.flutter-io.cn"
    source: hosted
    version: "0.1.1"
  meta:
    dependency: transitive
    description:
      name: meta
      sha256: "3c74dbf8763d36539f114c799d8a2d87343b5067e9d796ca22b5eb8437090ee3"
      url: "https://pub.flutter-io.cn"
    source: hosted
    version: "1.9.1"
  nested:
    dependency: transitive
    description:
      name: nested
      sha256: "03bac4c528c64c95c722ec99280375a6f2fc708eec17c7b3f07253b626cd2a20"
      url: "https://pub.flutter-io.cn"
    source: hosted
    version: "1.0.0"
  pasteboard:
    dependency: "direct main"
    description:
      name: pasteboard
      sha256: "1c8b6a8b3f1d12e55d4e9404433cda1b4abe66db6b17bc2d2fb5965772c04674"
      url: "https://pub.flutter-io.cn"
    source: hosted
    version: "0.2.0"
  path:
    dependency: transitive
    description:
      name: path
      sha256: "8829d8a55c13fc0e37127c29fedf290c102f4e40ae94ada574091fe0ff96c917"
      url: "https://pub.flutter-io.cn"
    source: hosted
    version: "1.8.3"
  path_provider:
    dependency: "direct main"
    description:
      name: path_provider
      sha256: "909b84830485dbcd0308edf6f7368bc8fd76afa26a270420f34cabea2a6467a0"
      url: "https://pub.flutter-io.cn"
    source: hosted
    version: "2.1.0"
  path_provider_android:
    dependency: transitive
    description:
      name: path_provider_android
      sha256: "5d44fc3314d969b84816b569070d7ace0f1dea04bd94a83f74c4829615d22ad8"
      url: "https://pub.flutter-io.cn"
    source: hosted
    version: "2.1.0"
  path_provider_foundation:
    dependency: transitive
    description:
      name: path_provider_foundation
      sha256: "1b744d3d774e5a879bb76d6cd1ecee2ba2c6960c03b1020cd35212f6aa267ac5"
      url: "https://pub.flutter-io.cn"
    source: hosted
    version: "2.3.0"
  path_provider_linux:
    dependency: transitive
    description:
      name: path_provider_linux
      sha256: ba2b77f0c52a33db09fc8caf85b12df691bf28d983e84cf87ff6d693cfa007b3
      url: "https://pub.flutter-io.cn"
    source: hosted
    version: "2.2.0"
  path_provider_platform_interface:
    dependency: transitive
    description:
      name: path_provider_platform_interface
      sha256: bced5679c7df11190e1ddc35f3222c858f328fff85c3942e46e7f5589bf9eb84
      url: "https://pub.flutter-io.cn"
    source: hosted
    version: "2.1.0"
  path_provider_windows:
    dependency: transitive
    description:
      name: path_provider_windows
      sha256: ee0e0d164516b90ae1f970bdf29f726f1aa730d7cfc449ecc74c495378b705da
      url: "https://pub.flutter-io.cn"
    source: hosted
    version: "2.2.0"
  platform:
    dependency: transitive
    description:
      name: platform
      sha256: "4a451831508d7d6ca779f7ac6e212b4023dd5a7d08a27a63da33756410e32b76"
      url: "https://pub.flutter-io.cn"
    source: hosted
    version: "3.1.0"
  plugin_platform_interface:
    dependency: transitive
    description:
      name: plugin_platform_interface
      sha256: "43798d895c929056255600343db8f049921cbec94d31ec87f1dc5c16c01935dd"
      url: "https://pub.flutter-io.cn"
    source: hosted
    version: "2.1.5"
  process:
    dependency: transitive
    description:
      name: process
      sha256: "53fd8db9cec1d37b0574e12f07520d582019cb6c44abf5479a01505099a34a09"
      url: "https://pub.flutter-io.cn"
    source: hosted
    version: "4.2.4"
  provider:
    dependency: "direct main"
    description:
      name: provider
      sha256: cdbe7530b12ecd9eb455bdaa2fcb8d4dad22e80b8afb4798b41479d5ce26847f
      url: "https://pub.flutter-io.cn"
    source: hosted
    version: "6.0.5"
  screen_capturer:
    dependency: "direct main"
    description:
      name: screen_capturer
      sha256: "39001271f34eca330a1a59b735da0a0f546fc6f9f38b68554d6d2478baeb4025"
      url: "https://pub.flutter-io.cn"
    source: hosted
    version: "0.1.6"
  screen_retriever:
    dependency: transitive
    description:
      name: screen_retriever
      sha256: "4931f226ca158123ccd765325e9fbf360bfed0af9b460a10f960f9bb13d58323"
      url: "https://pub.flutter-io.cn"
    source: hosted
    version: "0.1.6"
  screen_text_extractor:
    dependency: "direct main"
    description:
      name: screen_text_extractor
      sha256: dc415aaf60c1c2c84b8d16bb3f2390c542f8ab8872cfe346a385d029203b9472
      url: "https://pub.flutter-io.cn"
    source: hosted
    version: "0.1.3"
  shell_executor:
    dependency: transitive
    description:
      name: shell_executor
      sha256: f89eb17bb2660568a255bb5612f2773ba9295792d7bb6b96e3ef87985a9457fa
      url: "https://pub.flutter-io.cn"
    source: hosted
    version: "0.1.4"
  shortid:
    dependency: transitive
    description:
      name: shortid
      sha256: d0b40e3dbb50497dad107e19c54ca7de0d1a274eb9b4404991e443dadb9ebedb
      url: "https://pub.flutter-io.cn"
    source: hosted
    version: "0.1.2"
  sky_engine:
    dependency: transitive
    description: flutter
    source: sdk
    version: "0.0.99"
  source_span:
    dependency: transitive
    description:
      name: source_span
      sha256: dd904f795d4b4f3b870833847c461801f6750a9fa8e61ea5ac53f9422b31f250
      url: "https://pub.flutter-io.cn"
    source: hosted
    version: "1.9.1"
  stack_trace:
    dependency: transitive
    description:
      name: stack_trace
      sha256: c3c7d8edb15bee7f0f74debd4b9c5f3c2ea86766fe4178eb2a18eb30a0bdaed5
      url: "https://pub.flutter-io.cn"
    source: hosted
    version: "1.11.0"
  stream_channel:
    dependency: transitive
    description:
      name: stream_channel
      sha256: "83615bee9045c1d322bbbd1ba209b7a749c2cbcdcb3fdd1df8eb488b3279c1c8"
      url: "https://pub.flutter-io.cn"
    source: hosted
    version: "2.1.1"
  string_scanner:
    dependency: transitive
    description:
      name: string_scanner
      sha256: "556692adab6cfa87322a115640c11f13cb77b3f076ddcc5d6ae3c20242bedcde"
      url: "https://pub.flutter-io.cn"
    source: hosted
    version: "1.2.0"
  system_tray:
    dependency: "direct main"
    description:
      name: system_tray
      sha256: "40444e5de8ed907822a98694fd031b8accc3cb3c0baa547634ce76189cf3d9cf"
      url: "https://pub.flutter-io.cn"
    source: hosted
    version: "2.0.3"
  term_glyph:
    dependency: transitive
    description:
      name: term_glyph
      sha256: a29248a84fbb7c79282b40b8c72a1209db169a2e0542bce341da992fe1bc7e84
      url: "https://pub.flutter-io.cn"
    source: hosted
    version: "1.2.1"
  test_api:
    dependency: transitive
    description:
      name: test_api
      sha256: eb6ac1540b26de412b3403a163d919ba86f6a973fe6cc50ae3541b80092fdcfb
      url: "https://pub.flutter-io.cn"
    source: hosted
    version: "0.5.1"
  tray_manager:
    dependency: "direct main"
    description:
      name: tray_manager
      sha256: b1975a05e0c6999e983cf9a58a6a098318c896040ccebac5398a3cc9e43b9c69
      url: "https://pub.flutter-io.cn"
    source: hosted
    version: "0.2.0"
  typed_data:
    dependency: transitive
    description:
      name: typed_data
      sha256: "26f87ade979c47a150c9eaab93ccd2bebe70a27dc0b4b29517f2904f04eb11a5"
      url: "https://pub.flutter-io.cn"
    source: hosted
    version: "1.3.1"
  url_launcher:
    dependency: "direct main"
    description:
      name: url_launcher
      sha256: "781bd58a1eb16069412365c98597726cd8810ae27435f04b3b4d3a470bacd61e"
      url: "https://pub.flutter-io.cn"
    source: hosted
    version: "6.1.12"
  url_launcher_android:
    dependency: transitive
    description:
      name: url_launcher_android
      sha256: "3e2f6dfd2c7d9cd123296cab8ef66cfc2c1a13f5845f42c7a0f365690a8a7dd1"
      url: "https://pub.flutter-io.cn"
    source: hosted
    version: "6.0.23"
  url_launcher_ios:
    dependency: transitive
    description:
      name: url_launcher_ios
      sha256: "0a5af0aefdd8cf820dd739886efb1637f1f24489900204f50984634c07a54815"
      url: "https://pub.flutter-io.cn"
    source: hosted
    version: "6.1.0"
  url_launcher_linux:
    dependency: transitive
    description:
      name: url_launcher_linux
      sha256: "318c42cba924e18180c029be69caf0a1a710191b9ec49bb42b5998fdcccee3cc"
      url: "https://pub.flutter-io.cn"
    source: hosted
    version: "3.0.2"
  url_launcher_macos:
    dependency: transitive
    description:
      name: url_launcher_macos
      sha256: "41988b55570df53b3dd2a7fc90c76756a963de6a8c5f8e113330cb35992e2094"
      url: "https://pub.flutter-io.cn"
    source: hosted
    version: "3.0.2"
  url_launcher_platform_interface:
    dependency: transitive
    description:
      name: url_launcher_platform_interface
      sha256: "4eae912628763eb48fc214522e58e942fd16ce195407dbf45638239523c759a6"
      url: "https://pub.flutter-io.cn"
    source: hosted
    version: "2.1.1"
  url_launcher_web:
    dependency: transitive
    description:
      name: url_launcher_web
      sha256: "44d79408ce9f07052095ef1f9a693c258d6373dc3944249374e30eff7219ccb0"
      url: "https://pub.flutter-io.cn"
    source: hosted
    version: "2.0.14"
  url_launcher_windows:
    dependency: transitive
    description:
      name: url_launcher_windows
      sha256: b6217370f8eb1fd85c8890c539f5a639a01ab209a36db82c921ebeacefc7a615
      url: "https://pub.flutter-io.cn"
    source: hosted
    version: "3.0.3"
  uuid:
    dependency: transitive
    description:
      name: uuid
      sha256: "648e103079f7c64a36dc7d39369cabb358d377078a051d6ae2ad3aa539519313"
      url: "https://pub.flutter-io.cn"
    source: hosted
    version: "3.0.7"
  vector_math:
    dependency: transitive
    description:
      name: vector_math
      sha256: "80b3257d1492ce4d091729e3a67a60407d227c27241d6927be0130c98e741803"
      url: "https://pub.flutter-io.cn"
    source: hosted
    version: "2.1.4"
  win32:
    dependency: transitive
    description:
      name: win32
      sha256: f2add6fa510d3ae152903412227bda57d0d5a8da61d2c39c1fb022c9429a41c0
      url: "https://pub.flutter-io.cn"
    source: hosted
    version: "5.0.6"
  win_toast:
    dependency: "direct main"
    description:
      name: win_toast
      sha256: "6ef6f45b119984457be1b6c6e96c343573ccf270d40c31c6f08e37d159d872bf"
      url: "https://pub.flutter-io.cn"
    source: hosted
    version: "0.1.1"
  window_manager:
    dependency: "direct main"
    description:
      name: window_manager
      sha256: "9eef00e393e7f9308309ce9a8b2398c9ee3ca78b50c96e8b4f9873945693ac88"
      url: "https://pub.flutter-io.cn"
    source: hosted
    version: "0.3.5"
  xdg_directories:
    dependency: transitive
    description:
      name: xdg_directories
      sha256: ee1505df1426458f7f60aac270645098d318a8b4766d85fde75f76f2e21807d1
      url: "https://pub.flutter-io.cn"
    source: hosted
    version: "1.0.0"
sdks:
  dart: ">=3.0.0 <4.0.0"
  flutter: ">=3.10.0"
